{
  "name": "oLabs",
  "lockfileVersion": 3,
  "requires": true,
  "packages": {
    "": {
      "dependencies": {
        "nipplejs": "^0.10.2"
      }
    },
    "node_modules/nipplejs": {
      "version": "0.10.2",
      "resolved": "https://registry.npmjs.org/nipplejs/-/nipplejs-0.10.2.tgz",
      "integrity": "sha512-XGxFY8C2DOtobf1fK+MXINTzkkXJLjZDDpfQhOUZf4TSytbc9s4bmA0lB9eKKM8iDivdr9NQkO7DpIQfsST+9g=="
    }
  }
}
